
Microsoft Visual Studio Solution File, Format Version 12.00
# Visual Studio Version 17
VisualStudioVersion = 17.11.35222.181
MinimumVisualStudioVersion = 10.0.40219.1
Project("{8BC9CEB8-8B4A-11D0-8D11-00A0C91BC942}") = "lb1", "lb1\lb1.vcxproj", "{8B6111BF-B087-4156-8C52-34E3E3DAC487}"
EndProject
Global
	GlobalSection(SolutionConfigurationPlatforms) = preSolution
		Debug|x64 = Debug|x64
		Debug|x86 = Debug|x86
		Release|x64 = Release|x64
		Release|x86 = Release|x86
	EndGlobalSection
	GlobalSection(ProjectConfigurationPlatforms) = postSolution
		{8B6111BF-B087-4156-8C52-34E3E3DAC487}.Debug|x64.ActiveCfg = Debug|x64
		{8B6111BF-B087-4156-8C52-34E3E3DAC487}.Debug|x64.Build.0 = Debug|x64
		{8B6111BF-B087-4156-8C52-34E3E3DAC487}.Debug|x86.ActiveCfg = Debug|Win32
		{8B6111BF-B087-4156-8C52-34E3E3DAC487}.Debug|x86.Build.0 = Debug|Win32
		{8B6111BF-B087-4156-8C52-34E3E3DAC487}.Release|x64.ActiveCfg = Release|x64
		{8B6111BF-B087-4156-8C52-34E3E3DAC487}.Release|x64.Build.0 = Release|x64
		{8B6111BF-B087-4156-8C52-34E3E3DAC487}.Release|x86.ActiveCfg = Release|Win32
		{8B6111BF-B087-4156-8C52-34E3E3DAC487}.Release|x86.Build.0 = Release|Win32
	EndGlobalSection
	GlobalSection(SolutionProperties) = preSolution
		HideSolutionNode = FALSE
	EndGlobalSection
	GlobalSection(ExtensibilityGlobals) = postSolution
		SolutionGuid = {94C9C0D2-5A9A-4D2E-B784-E8BDCDD80E3D}
	EndGlobalSection
EndGlobal
